
Microsoft Visual Studio Solution File, Format Version 12.00
# Visual Studio Version 16
VisualStudioVersion = 16.0.30011.22
MinimumVisualStudioVersion = 10.0.40219.1
Project("{9A19103F-16F7-4668-BE54-9A1E7A4F7556}") = "MxTests", "MxTests\MxTests.csproj", "{392311DB-D29D-4001-AE3F-9EA77E88CE27}"
EndProject
Project("{9A19103F-16F7-4668-BE54-9A1E7A4F7556}") = "RhinoCommonDelayed", "RhinoCommonDelayed\RhinoCommonDelayed.csproj", "{B2DD6743-EFC1-4B13-9DB6-7C9734C6F3F0}"
EndProject
Global
	GlobalSection(SolutionConfigurationPlatforms) = preSolution
		Debug|x64 = Debug|x64
		Release|x64 = Release|x64
	EndGlobalSection
	GlobalSection(ProjectConfigurationPlatforms) = postSolution
		{392311DB-D29D-4001-AE3F-9EA77E88CE27}.Debug|x64.ActiveCfg = Debug|x64
		{392311DB-D29D-4001-AE3F-9EA77E88CE27}.Debug|x64.Build.0 = Debug|x64
		{392311DB-D29D-4001-AE3F-9EA77E88CE27}.Release|x64.ActiveCfg = Release|x64
		{392311DB-D29D-4001-AE3F-9EA77E88CE27}.Release|x64.Build.0 = Release|x64
		{B2DD6743-EFC1-4B13-9DB6-7C9734C6F3F0}.Debug|x64.ActiveCfg = Debug|Any CPU
		{B2DD6743-EFC1-4B13-9DB6-7C9734C6F3F0}.Debug|x64.Build.0 = Debug|Any CPU
		{B2DD6743-EFC1-4B13-9DB6-7C9734C6F3F0}.Release|x64.ActiveCfg = Release|Any CPU
		{B2DD6743-EFC1-4B13-9DB6-7C9734C6F3F0}.Release|x64.Build.0 = Release|Any CPU
	EndGlobalSection
	GlobalSection(SolutionProperties) = preSolution
		HideSolutionNode = FALSE
	EndGlobalSection
	GlobalSection(ExtensibilityGlobals) = postSolution
		SolutionGuid = {0D1D0D29-246C-4684-8DAC-A77C018953EB}
	EndGlobalSection
EndGlobal
